# THIS IS AN AUTOGENERATED FILE. DO NOT EDIT THIS FILE DIRECTLY.
# yarn lockfile v1


"@react-native-community/geolocation@^1.4.2":
  version "1.4.2"
  resolved "https://registry.yarnpkg.com/@react-native-community/geolocation/-/geolocation-1.4.2.tgz#7228c6d37c2f55017af9c49c2b9ad586d9bcb9f8"

geo-nearby@^2.0.1:
  version "2.0.1"
  resolved "https://registry.yarnpkg.com/geo-nearby/-/geo-nearby-2.0.1.tgz#3d5454acfdd692c11eaee40800c0a78c398f4786"
  dependencies:
    ngeohash "^0.6.0"

ngeohash@^0.6.0:
  version "0.6.3"
  resolved "https://registry.yarnpkg.com/ngeohash/-/ngeohash-0.6.3.tgz#10b1e80be5488262ec95c56cf2dbb6c45fbdf245"

react-native-geolocation-service@^3.0.0:
  version "3.0.0"
  resolved "https://registry.yarnpkg.com/react-native-geolocation-service/-/react-native-geolocation-service-3.0.0.tgz#9cf822760885a273e712289b00a9c8361734062a"
  dependencies:
    "@react-native-community/geolocation" "^1.4.2"
